DEPENDENCIES
  genome_scipy_app
    path: chef-repo/wrapper_cookbooks/genome_scipy_app
  genome_scipy_aws
    path: chef-repo/wrapper_cookbooks/genome_scipy_aws
  genome_scipy_base
    path: chef-repo/wrapper_cookbooks/genome_scipy_base
  genome_scipy_docker
    path: chef-repo/wrapper_cookbooks/genome_scipy_docker
  genome_scipy_github
    path: chef-repo/wrapper_cookbooks/genome_scipy_github
  genome_scipy_hosts
    path: chef-repo/wrapper_cookbooks/genome_scipy_hosts
  genome_scipy_jupyter
    path: chef-repo/wrapper_cookbooks/genome_scipy_jupyter
  genome_scipy_jupyterhub
    path: chef-repo/wrapper_cookbooks/genome_scipy_jupyterhub
  genome_scipy_nginx
    path: chef-repo/wrapper_cookbooks/genome_scipy_nginx
  genome_scipy_nodejs
    path: chef-repo/wrapper_cookbooks/genome_scipy_nodejs
  genome_scipy_openssl
    path: chef-repo/wrapper_cookbooks/genome_scipy_openssl
  genome_scipy_python
    path: chef-repo/wrapper_cookbooks/genome_scipy_python
  genome_scipy_supervisor
    path: chef-repo/wrapper_cookbooks/genome_scipy_supervisor

GRAPH
  acme (3.1.0)
    compat_resource (>= 12.19)
  apt (6.1.4)
  ark (3.1.0)
    build-essential (>= 0.0.0)
    seven_zip (>= 0.0.0)
    windows (>= 0.0.0)
  build-essential (8.0.3)
    mingw (>= 1.1)
    seven_zip (>= 0.0.0)
  chef-apt-docker (2.0.4)
  compat_resource (12.19.0)
  cron (4.2.0)
    compat_resource (>= 0.0.0)
  docker (2.17.0)
  genome_scipy_app (0.1.0)
    acme (~> 3.1.0)
    cron (~> 4.2.0)
    genome_scipy_base (>= 0.0.0)
    genome_scipy_github (>= 0.0.0)
    genome_scipy_nginx (>= 0.0.0)
    genome_scipy_nodejs (>= 0.0.0)
    genome_scipy_openssl (>= 0.0.0)
    genome_scipy_python (>= 0.0.0)
    genome_scipy_supervisor (>= 0.0.0)
    nginx (~> 7.0.0)
    nodejs (~> 4.0.0)
    openssl (~> 7.1.0)
    poise-python (~> 1.6.0)
    users (~> 5.2.1)
  genome_scipy_aws (0.1.0)
  genome_scipy_base (0.1.0)
    apt (~> 6.1.4)
    git (~> 8.0.0)
    openssl (~> 7.1.0)
    sudo (~> 3.5.3)
    users (~> 5.2.1)
    vim (~> 2.0.2)
  genome_scipy_docker (0.1.0)
    chef-apt-docker (~> 2.0.4)
    docker (~> 2.17.0)
  genome_scipy_github (0.1.0)
  genome_scipy_hosts (0.1.0)
    hostsfile (~> 3.0.1)
  genome_scipy_jupyter (0.1.0)
    acme (~> 3.1.0)
    genome_scipy_base (>= 0.0.0)
    genome_scipy_github (>= 0.0.0)
    genome_scipy_nginx (>= 0.0.0)
    genome_scipy_nodejs (>= 0.0.0)
    genome_scipy_openssl (>= 0.0.0)
    genome_scipy_python (>= 0.0.0)
    genome_scipy_supervisor (>= 0.0.0)
    nginx (~> 7.0.0)
    nodejs (~> 4.0.0)
    openssl (~> 7.1.0)
    poise-python (~> 1.6.0)
  genome_scipy_jupyterhub (0.1.0)
    acme (~> 3.1.0)
    genome_scipy_base (>= 0.0.0)
    genome_scipy_docker (>= 0.0.0)
    genome_scipy_github (>= 0.0.0)
    genome_scipy_nginx (>= 0.0.0)
    genome_scipy_nodejs (>= 0.0.0)
    genome_scipy_openssl (>= 0.0.0)
    genome_scipy_python (>= 0.0.0)
    genome_scipy_supervisor (>= 0.0.0)
    nginx (~> 7.0.0)
    nodejs (~> 4.0.0)
    openssl (~> 7.1.0)
    poise-python (~> 1.6.0)
  genome_scipy_nginx (0.1.0)
    nginx (~> 7.0.0)
  genome_scipy_nodejs (0.1.0)
    nodejs (~> 4.0.0)
  genome_scipy_openssl (0.1.0)
    openssl (~> 7.1.0)
  genome_scipy_python (0.1.0)
    poise-python (~> 1.6.0)
  genome_scipy_supervisor (0.1.0)
    poise-python (~> 1.6.0)
    users (~> 5.2.1)
  git (8.0.0)
    build-essential (>= 0.0.0)
    homebrew (>= 0.0.0)
  homebrew (4.2.0)
  hostsfile (3.0.1)
  mingw (2.0.1)
    seven_zip (>= 0.0.0)
  nginx (7.0.0)
    build-essential (>= 0.0.0)
    compat_resource (>= 12.16.3)
    ohai (>= 4.1.0)
    yum-epel (>= 0.0.0)
    zypper (>= 0.0.0)
  nodejs (4.0.0)
    ark (>= 2.0.2)
    build-essential (>= 0.0.0)
    compat_resource (>= 12.16)
  ohai (5.2.0)
  openssl (7.1.0)
  poise (2.8.1)
  poise-archive (1.5.0)
    poise (~> 2.6)
  poise-languages (2.1.1)
    poise (~> 2.5)
    poise-archive (~> 1.0)
  poise-python (1.6.0)
    poise (~> 2.7)
    poise-languages (~> 2.0)
  seven_zip (2.0.2)
    windows (>= 1.2.2)
  sudo (3.5.3)
  users (5.2.1)
  vim (2.0.2)
  windows (3.2.0)
    ohai (>= 4.0.0)
  yum-epel (2.1.2)
    compat_resource (>= 12.16.3)
  zypper (0.4.0)
